
Microsoft Visual Studio Solution File, Format Version 12.00
# Visual Studio Version 17
VisualStudioVersion = 17.12.35527.113
MinimumVisualStudioVersion = 10.0.40219.1
Project("{FAE04EC0-301F-11D3-BF4B-00C04F79EFBC}") = "IskoLend", "IskoLend.csproj", "{42935461-CF23-4901-9D5F-0955075A2C96}"
EndProject
Project("{FAE04EC0-301F-11D3-BF4B-00C04F79EFBC}") = "IskoLendInventory", "..\IskoLendInventory\IskoLendInventory.csproj", "{C3A2D490-6C14-43AB-BFD4-2973B50B61D8}"
EndProject
Global
	GlobalSection(SolutionConfigurationPlatforms) = preSolution
		Debug|Any CPU = Debug|Any CPU
		Release|Any CPU = Release|Any CPU
	EndGlobalSection
	GlobalSection(ProjectConfigurationPlatforms) = postSolution
		{42935461-CF23-4901-9D5F-0955075A2C96}.Debug|Any CPU.ActiveCfg = Debug|Any CPU
		{42935461-CF23-4901-9D5F-0955075A2C96}.Debug|Any CPU.Build.0 = Debug|Any CPU
		{42935461-CF23-4901-9D5F-0955075A2C96}.Release|Any CPU.ActiveCfg = Release|Any CPU
		{42935461-CF23-4901-9D5F-0955075A2C96}.Release|Any CPU.Build.0 = Release|Any CPU
		{C3A2D490-6C14-43AB-BFD4-2973B50B61D8}.Debug|Any CPU.ActiveCfg = Debug|Any CPU
		{C3A2D490-6C14-43AB-BFD4-2973B50B61D8}.Debug|Any CPU.Build.0 = Debug|Any CPU
		{C3A2D490-6C14-43AB-BFD4-2973B50B61D8}.Release|Any CPU.ActiveCfg = Release|Any CPU
		{C3A2D490-6C14-43AB-BFD4-2973B50B61D8}.Release|Any CPU.Build.0 = Release|Any CPU
	EndGlobalSection
	GlobalSection(SolutionProperties) = preSolution
		HideSolutionNode = FALSE
	EndGlobalSection
EndGlobal
